// !$*UTF8*$!
{
	archiveVersion = 1;
	classes = {
	};
	objectVersion = 77;
	objects = {

/* Begin PBXBuildFile section */
		DCAF3E342CE305840060325F /* dylib-Info-template.plist in Resources */ = {isa = PBXBuildFile; fileRef = DCAF3E332CE305840060325F /* dylib-Info-template.plist */; };
		DCAF3E352CE305B00060325F /* Python.xcframework in Frameworks */ = {isa = PBXBuildFile; fileRef = DCAF3E312CE305070060325F /* Python.xcframework */; };
		DCAF3E362CE305B00060325F /* Python.xcframework in Embed Frameworks */ = {isa = PBXBuildFile; fileRef = DCAF3E312CE305070060325F /* Python.xcframework */; settings = {ATTRIBUTES = (CodeSignOnCopy, RemoveHeadersOnCopy, ); }; };
		DCAF3E372CE305B60060325F /* Python.xcframework in Frameworks */ = {isa = PBXBuildFile; fileRef = DCAF3E312CE305070060325F /* Python.xcframework */; };
/* End PBXBuildFile section */

/* Begin PBXContainerItemProxy section */
		DC480AA22CDEA4AB00F5E967 /* PBXContainerItemProxy */ = {
			isa = PBXContainerItemProxy;
			containerPortal = DC480A852CDEA4AA00F5E967 /* Project object */;
			proxyType = 1;
			remoteGlobalIDString = DC480A8C2CDEA4AA00F5E967;
			remoteInfo = LetsCode;
		};
		DC480AAC2CDEA4AB00F5E967 /* PBXContainerItemProxy */ = {
			isa = PBXContainerItemProxy;
			containerPortal = DC480A852CDEA4AA00F5E967 /* Project object */;
			proxyType = 1;
			remoteGlobalIDString = DC480A8C2CDEA4AA00F5E967;
			remoteInfo = LetsCode;
		};
/* End PBXContainerItemProxy section */

/* Begin PBXCopyFilesBuildPhase section */
		DC08C9EB2CE1B45B005D4D4E /* Embed Frameworks */ = {
			isa = PBXCopyFilesBuildPhase;
			buildActionMask = 2147483647;
			dstPath = "";
			dstSubfolderSpec = 10;
			files = (
			);
			name = "Embed Frameworks";
			runOnlyForDeploymentPostprocessing = 0;
		};
		DC08C9EE2CE1B6F7005D4D4E /* Copy Python Resources */ = {
			isa = PBXCopyFilesBuildPhase;
			buildActionMask = 2147483647;
			dstPath = "";
			dstSubfolderSpec = 7;
			files = (
			);
			name = "Copy Python Resources";
			runOnlyForDeploymentPostprocessing = 0;
		};
		DC08C9F72CE2CF66005D4D4E /* Embed Frameworks */ = {
			isa = PBXCopyFilesBuildPhase;
			buildActionMask = 2147483647;
			dstPath = "";
			dstSubfolderSpec = 10;
			files = (
				DCAF3E362CE305B00060325F /* Python.xcframework in Embed Frameworks */,
			);
			name = "Embed Frameworks";
			runOnlyForDeploymentPostprocessing = 0;
		};
/* End PBXCopyFilesBuildPhase section */

/* Begin PBXFileReference section */
		DC480A8D2CDEA4AA00F5E967 /* LetsCode.app */ = {isa = PBXFileReference; explicitFileType = wrapper.application; includeInIndex = 0; path = LetsCode.app; sourceTree = BUILT_PRODUCTS_DIR; };
		DC480AA12CDEA4AB00F5E967 /* LetsCodeTests.xctest */ = {isa = PBXFileReference; explicitFileType = wrapper.cfbundle; includeInIndex = 0; path = LetsCodeTests.xctest; sourceTree = BUILT_PRODUCTS_DIR; };
		DC480AAB2CDEA4AB00F5E967 /* LetsCodeUITests.xctest */ = {isa = PBXFileReference; explicitFileType = wrapper.cfbundle; includeInIndex = 0; path = LetsCodeUITests.xctest; sourceTree = BUILT_PRODUCTS_DIR; };
		DCAF3E312CE305070060325F /* Python.xcframework */ = {isa = PBXFileReference; lastKnownFileType = wrapper.xcframework; path = Python.xcframework; sourceTree = "<group>"; };
		DCAF3E332CE305840060325F /* dylib-Info-template.plist */ = {isa = PBXFileReference; lastKnownFileType = text.plist.xml; path = "dylib-Info-template.plist"; sourceTree = "<group>"; };
/* End PBXFileReference section */

/* Begin PBXFileSystemSynchronizedBuildFileExceptionSet section */
		DC480AB32CDEA4AB00F5E967 /* Exceptions for "LetsCode" folder in "LetsCode" target */ = {
			isa = PBXFileSystemSynchronizedBuildFileExceptionSet;
			membershipExceptions = (
				Info.plist,
			);
			target = DC480A8C2CDEA4AA00F5E967 /* LetsCode */;
		};
/* End PBXFileSystemSynchronizedBuildFileExceptionSet section */

/* Begin PBXFileSystemSynchronizedRootGroup section */
		DC480A8F2CDEA4AA00F5E967 /* LetsCode */ = {
			isa = PBXFileSystemSynchronizedRootGroup;
			exceptions = (
				DC480AB32CDEA4AB00F5E967 /* Exceptions for "LetsCode" folder in "LetsCode" target */,
			);
			path = LetsCode;
			sourceTree = "<group>";
		};
		DC480AA42CDEA4AB00F5E967 /* LetsCodeTests */ = {
			isa = PBXFileSystemSynchronizedRootGroup;
			path = LetsCodeTests;
			sourceTree = "<group>";
		};
		DC480AAE2CDEA4AB00F5E967 /* LetsCodeUITests */ = {
			isa = PBXFileSystemSynchronizedRootGroup;
			path = LetsCodeUITests;
			sourceTree = "<group>";
		};
/* End PBXFileSystemSynchronizedRootGroup section */

/* Begin PBXFrameworksBuildPhase section */
		DC480A8A2CDEA4AA00F5E967 /* Frameworks */ = {
			isa = PBXFrameworksBuildPhase;
			buildActionMask = 2147483647;
			files = (
				DCAF3E352CE305B00060325F /* Python.xcframework in Frameworks */,
				DCAF3E372CE305B60060325F /* Python.xcframework in Frameworks */,
			);
			runOnlyForDeploymentPostprocessing = 0;
		};
		DC480A9E2CDEA4AB00F5E967 /* Frameworks */ = {
			isa = PBXFrameworksBuildPhase;
			buildActionMask = 2147483647;
			files = (
			);
			runOnlyForDeploymentPostprocessing = 0;
		};
		DC480AA82CDEA4AB00F5E967 /* Frameworks */ = {
			isa = PBXFrameworksBuildPhase;
			buildActionMask = 2147483647;
			files = (
			);
			runOnlyForDeploymentPostprocessing = 0;
		};
/* End PBXFrameworksBuildPhase section */

/* Begin PBXGroup section */
		DC08C9E82CE1B45B005D4D4E /* Frameworks */ = {
			isa = PBXGroup;
			children = (
				DCAF3E312CE305070060325F /* Python.xcframework */,
			);
			name = Frameworks;
			sourceTree = "<group>";
		};
		DC480A842CDEA4AA00F5E967 = {
			isa = PBXGroup;
			children = (
				DC480A8F2CDEA4AA00F5E967 /* LetsCode */,
				DC480AA42CDEA4AB00F5E967 /* LetsCodeTests */,
				DC480AAE2CDEA4AB00F5E967 /* LetsCodeUITests */,
				DC08C9E82CE1B45B005D4D4E /* Frameworks */,
				DC480A8E2CDEA4AA00F5E967 /* Products */,
				DCAF3E332CE305840060325F /* dylib-Info-template.plist */,
			);
			sourceTree = "<group>";
		};
		DC480A8E2CDEA4AA00F5E967 /* Products */ = {
			isa = PBXGroup;
			children = (
				DC480A8D2CDEA4AA00F5E967 /* LetsCode.app */,
				DC480AA12CDEA4AB00F5E967 /* LetsCodeTests.xctest */,
				DC480AAB2CDEA4AB00F5E967 /* LetsCodeUITests.xctest */,
			);
			name = Products;
			sourceTree = "<group>";
		};
/* End PBXGroup section */

/* Begin PBXNativeTarget section */
		DC480A8C2CDEA4AA00F5E967 /* LetsCode */ = {
			isa = PBXNativeTarget;
			buildConfigurationList = DC480AB42CDEA4AB00F5E967 /* Build configuration list for PBXNativeTarget "LetsCode" */;
			buildPhases = (
				DC480A892CDEA4AA00F5E967 /* Sources */,
				DC480A8A2CDEA4AA00F5E967 /* Frameworks */,
				DC480A8B2CDEA4AA00F5E967 /* Resources */,
				DCAF3E382CE306A10060325F /* Install Target Specific Python Standard Library */,
				DCAF3E392CE306F00060325F /* Prepare Python Binary Modules */,
				DC08C9F72CE2CF66005D4D4E /* Embed Frameworks */,
			);
			buildRules = (
			);
			dependencies = (
			);
			fileSystemSynchronizedGroups = (
				DC480A8F2CDEA4AA00F5E967 /* LetsCode */,
			);
			name = LetsCode;
			packageProductDependencies = (
			);
			productName = LetsCode;
			productReference = DC480A8D2CDEA4AA00F5E967 /* LetsCode.app */;
			productType = "com.apple.product-type.application";
		};
		DC480AA02CDEA4AB00F5E967 /* LetsCodeTests */ = {
			isa = PBXNativeTarget;
			buildConfigurationList = DC480AB92CDEA4AB00F5E967 /* Build configuration list for PBXNativeTarget "LetsCodeTests" */;
			buildPhases = (
				DC480A9D2CDEA4AB00F5E967 /* Sources */,
				DC480A9E2CDEA4AB00F5E967 /* Frameworks */,
				DC480A9F2CDEA4AB00F5E967 /* Resources */,
				DC08C9EB2CE1B45B005D4D4E /* Embed Frameworks */,
				DC08C9EE2CE1B6F7005D4D4E /* Copy Python Resources */,
			);
			buildRules = (
			);
			dependencies = (
				DC480AA32CDEA4AB00F5E967 /* PBXTargetDependency */,
			);
			fileSystemSynchronizedGroups = (
				DC480AA42CDEA4AB00F5E967 /* LetsCodeTests */,
			);
			name = LetsCodeTests;
			packageProductDependencies = (
			);
			productName = LetsCodeTests;
			productReference = DC480AA12CDEA4AB00F5E967 /* LetsCodeTests.xctest */;
			productType = "com.apple.product-type.bundle.unit-test";
		};
		DC480AAA2CDEA4AB00F5E967 /* LetsCodeUITests */ = {
			isa = PBXNativeTarget;
			buildConfigurationList = DC480ABC2CDEA4AB00F5E967 /* Build configuration list for PBXNativeTarget "LetsCodeUITests" */;
			buildPhases = (
				DC480AA72CDEA4AB00F5E967 /* Sources */,
				DC480AA82CDEA4AB00F5E967 /* Frameworks */,
				DC480AA92CDEA4AB00F5E967 /* Resources */,
			);
			buildRules = (
			);
			dependencies = (
				DC480AAD2CDEA4AB00F5E967 /* PBXTargetDependency */,
			);
			fileSystemSynchronizedGroups = (
				DC480AAE2CDEA4AB00F5E967 /* LetsCodeUITests */,
			);
			name = LetsCodeUITests;
			packageProductDependencies = (
			);
			productName = LetsCodeUITests;
			productReference = DC480AAB2CDEA4AB00F5E967 /* LetsCodeUITests.xctest */;
			productType = "com.apple.product-type.bundle.ui-testing";
		};
/* End PBXNativeTarget section */

/* Begin PBXProject section */
		DC480A852CDEA4AA00F5E967 /* Project object */ = {
			isa = PBXProject;
			attributes = {
				BuildIndependentTargetsInParallel = 1;
				LastSwiftUpdateCheck = 1610;
				LastUpgradeCheck = 1610;
				TargetAttributes = {
					DC480A8C2CDEA4AA00F5E967 = {
						CreatedOnToolsVersion = 16.1;
					};
					DC480AA02CDEA4AB00F5E967 = {
						CreatedOnToolsVersion = 16.1;
						TestTargetID = DC480A8C2CDEA4AA00F5E967;
					};
					DC480AAA2CDEA4AB00F5E967 = {
						CreatedOnToolsVersion = 16.1;
						TestTargetID = DC480A8C2CDEA4AA00F5E967;
					};
				};
			};
			buildConfigurationList = DC480A882CDEA4AA00F5E967 /* Build configuration list for PBXProject "LetsCode" */;
			developmentRegion = en;
			hasScannedForEncodings = 0;
			knownRegions = (
				en,
				Base,
			);
			mainGroup = DC480A842CDEA4AA00F5E967;
			minimizedProjectReferenceProxies = 1;
			preferredProjectObjectVersion = 77;
			productRefGroup = DC480A8E2CDEA4AA00F5E967 /* Products */;
			projectDirPath = "";
			projectRoot = "";
			targets = (
				DC480A8C2CDEA4AA00F5E967 /* LetsCode */,
				DC480AA02CDEA4AB00F5E967 /* LetsCodeTests */,
				DC480AAA2CDEA4AB00F5E967 /* LetsCodeUITests */,
			);
		};
/* End PBXProject section */

/* Begin PBXResourcesBuildPhase section */
		DC480A8B2CDEA4AA00F5E967 /* Resources */ = {
			isa = PBXResourcesBuildPhase;
			buildActionMask = 2147483647;
			files = (
				DCAF3E342CE305840060325F /* dylib-Info-template.plist in Resources */,
			);
			runOnlyForDeploymentPostprocessing = 0;
		};
		DC480A9F2CDEA4AB00F5E967 /* Resources */ = {
			isa = PBXResourcesBuildPhase;
			buildActionMask = 2147483647;
			files = (
			);
			runOnlyForDeploymentPostprocessing = 0;
		};
		DC480AA92CDEA4AB00F5E967 /* Resources */ = {
			isa = PBXResourcesBuildPhase;
			buildActionMask = 2147483647;
			files = (
			);
			runOnlyForDeploymentPostprocessing = 0;
		};
/* End PBXResourcesBuildPhase section */

/* Begin PBXShellScriptBuildPhase section */
		DCAF3E382CE306A10060325F /* Install Target Specific Python Standard Library */ = {
			isa = PBXShellScriptBuildPhase;
			alwaysOutOfDate = 1;
			buildActionMask = 2147483647;
			files = (
			);
			inputFileListPaths = (
			);
			inputPaths = (
			);
			name = "Install Target Specific Python Standard Library";
			outputFileListPaths = (
			);
			outputPaths = (
			);
			runOnlyForDeploymentPostprocessing = 0;
			shellPath = /bin/sh;
			shellScript = "set -e\n\nmkdir -p \"$CODESIGNING_FOLDER_PATH/python/lib\"\nif [ \"$EFFECTIVE_PLATFORM_NAME\" = \"-iphonesimulator\" ]; then\n    echo \"Installing Python modules for iOS Simulator\"\n    rsync -au --delete \"$PROJECT_DIR/Python.xcframework/ios-arm64_x86_64-simulator/lib/\" \"$CODESIGNING_FOLDER_PATH/python/lib/\"\nelse\n    echo \"Installing Python modules for iOS Device\"\n    rsync -au --delete \"$PROJECT_DIR/Python.xcframework/ios-arm64/lib/\" \"$CODESIGNING_FOLDER_PATH/python/lib/\"\nfi\n";
		};
		DCAF3E392CE306F00060325F /* Prepare Python Binary Modules */ = {
			isa = PBXShellScriptBuildPhase;
			alwaysOutOfDate = 1;
			buildActionMask = 2147483647;
			files = (
			);
			inputFileListPaths = (
			);
			inputPaths = (
			);
			name = "Prepare Python Binary Modules";
			outputFileListPaths = (
			);
			outputPaths = (
			);
			runOnlyForDeploymentPostprocessing = 0;
			shellPath = /bin/sh;
			shellScript = "# set -e\n\ninstall_dylib () {\n    INSTALL_BASE=$1\n    FULL_EXT=$2\n\n    # Extract module information\n    EXT=$(basename \"$FULL_EXT\")\n    RELATIVE_EXT=${FULL_EXT#$CODESIGNING_FOLDER_PATH/}\n    PYTHON_EXT=${RELATIVE_EXT/$INSTALL_BASE/}\n    FULL_MODULE_NAME=$(echo $PYTHON_EXT | cut -d \".\" -f 1 | tr \"/\" \".\")\n    FRAMEWORK_BUNDLE_ID=$(echo $PRODUCT_BUNDLE_IDENTIFIER.$FULL_MODULE_NAME | tr \"_\" \"-\")\n    FRAMEWORK_FOLDER=\"Frameworks/$FULL_MODULE_NAME.framework\"\n\n    # Create framework structure\n    if [ ! -d \"$CODESIGNING_FOLDER_PATH/$FRAMEWORK_FOLDER\" ]; then\n        echo \"Creating framework for $RELATIVE_EXT\"\n        mkdir -p \"$CODESIGNING_FOLDER_PATH/$FRAMEWORK_FOLDER\"\n        cp \"$CODESIGNING_FOLDER_PATH/dylib-Info-template.plist\" \"$CODESIGNING_FOLDER_PATH/$FRAMEWORK_FOLDER/Info.plist\"\n        plutil -replace CFBundleExecutable -string \"$FULL_MODULE_NAME\" \"$CODESIGNING_FOLDER_PATH/$FRAMEWORK_FOLDER/Info.plist\"\n        plutil -replace CFBundleIdentifier -string \"$FRAMEWORK_BUNDLE_ID\" \"$CODESIGNING_FOLDER_PATH/$FRAMEWORK_FOLDER/Info.plist\"\n    fi\n\n    # Move binary to framework\n    echo \"Installing binary for $FRAMEWORK_FOLDER/$FULL_MODULE_NAME\"\n    mv \"$FULL_EXT\" \"$CODESIGNING_FOLDER_PATH/$FRAMEWORK_FOLDER/$FULL_MODULE_NAME\"\n    # Create placeholder file\n    echo \"$FRAMEWORK_FOLDER/$FULL_MODULE_NAME\" > ${FULL_EXT%.so}.fwork\n    # Create origin file\n    echo \"${RELATIVE_EXT%.so}.fwork\" > \"$CODESIGNING_FOLDER_PATH/$FRAMEWORK_FOLDER/$FULL_MODULE_NAME.origin\"\n}\n\nPYTHON_VER=$(ls -1 \"$CODESIGNING_FOLDER_PATH/python/lib\")\necho \"Install Python $PYTHON_VER standard library extension modules...\"\nfind \"$CODESIGNING_FOLDER_PATH/python/lib/$PYTHON_VER/lib-dynload\" -name \"*.so\" | while read FULL_EXT; do\n    install_dylib python/lib/$PYTHON_VER/lib-dynload/ \"$FULL_EXT\"\ndone\n\n# Clean up template\nrm -f \"$CODESIGNING_FOLDER_PATH/dylib-Info-template.plist\"\n\necho \"Signing frameworks as $EXPANDED_CODE_SIGN_IDENTITY_NAME ($EXPANDED_CODE_SIGN_IDENTITY)...\"\nfind \"$CODESIGNING_FOLDER_PATH/Frameworks\" -name \"*.framework\" -exec /usr/bin/codesign --force --sign \"$EXPANDED_CODE_SIGN_IDENTITY\" ${OTHER_CODE_SIGN_FLAGS:-} -o runtime --timestamp=none --preserve-metadata=identifier,entitlements,flags --generate-entitlement-der \"{}\" \\;\n";
		};
/* End PBXShellScriptBuildPhase section */

/* Begin PBXSourcesBuildPhase section */
		DC480A892CDEA4AA00F5E967 /* Sources */ = {
			isa = PBXSourcesBuildPhase;
			buildActionMask = 2147483647;
			files = (
			);
			runOnlyForDeploymentPostprocessing = 0;
		};
		DC480A9D2CDEA4AB00F5E967 /* Sources */ = {
			isa = PBXSourcesBuildPhase;
			buildActionMask = 2147483647;
			files = (
			);
			runOnlyForDeploymentPostprocessing = 0;
		};
		DC480AA72CDEA4AB00F5E967 /* Sources */ = {
			isa = PBXSourcesBuildPhase;
			buildActionMask = 2147483647;
			files = (
			);
			runOnlyForDeploymentPostprocessing = 0;
		};
/* End PBXSourcesBuildPhase section */

/* Begin PBXTargetDependency section */
		DC480AA32CDEA4AB00F5E967 /* PBXTargetDependency */ = {
			isa = PBXTargetDependency;
			target = DC480A8C2CDEA4AA00F5E967 /* LetsCode */;
			targetProxy = DC480AA22CDEA4AB00F5E967 /* PBXContainerItemProxy */;
		};
		DC480AAD2CDEA4AB00F5E967 /* PBXTargetDependency */ = {
			isa = PBXTargetDependency;
			target = DC480A8C2CDEA4AA00F5E967 /* LetsCode */;
			targetProxy = DC480AAC2CDEA4AB00F5E967 /* PBXContainerItemProxy */;
		};
/* End PBXTargetDependency section */

/* Begin XCBuildConfiguration section */
		DC480AB52CDEA4AB00F5E967 /* Debug */ = {
			isa = XCBuildConfiguration;
			buildSettings = {
				ASSETCATALOG_COMPILER_APPICON_NAME = AppIcon;
				ASSETCATALOG_COMPILER_GLOBAL_ACCENT_COLOR_NAME = AccentColor;
				CLANG_WARN_QUOTED_INCLUDE_IN_FRAMEWORK_HEADER = NO;
				CODE_SIGN_ENTITLEMENTS = LetsCode/LetsCode.entitlements;
				CODE_SIGN_STYLE = Automatic;
				CURRENT_PROJECT_VERSION = 1;
				DEVELOPMENT_ASSET_PATHS = "\"LetsCode/Preview Content\"";
				ENABLE_PREVIEWS = YES;
				ENABLE_USER_SCRIPT_SANDBOXING = NO;
				FRAMEWORK_SEARCH_PATHS = "$(PROJECT_DIR)";
				GENERATE_INFOPLIST_FILE = YES;
				HEADER_SEARCH_PATHS = "\"$(BUILT_PRODUCTS_DIR)/Python.framework/Headers\"";
				INFOPLIST_FILE = LetsCode/Info.plist;
				INFOPLIST_KEY_UIApplicationSceneManifest_Generation = YES;
				INFOPLIST_KEY_UIApplicationSupportsIndirectInputEvents = YES;
				INFOPLIST_KEY_UILaunchScreen_Generation = YES;
				INFOPLIST_KEY_UISupportedInterfaceOrientations_iPad = "UIInterfaceOrientationPortrait UIInterfaceOrientationPortraitUpsideDown UIInterfaceOrientationLandscapeLeft UIInterfaceOrientationLandscapeRight";
				INFOPLIST_KEY_UISupportedInterfaceOrientations_iPhone = "UIInterfaceOrientationPortrait UIInterfaceOrientationLandscapeLeft UIInterfaceOrientationLandscapeRight";
				LD_RUNPATH_SEARCH_PATHS = (
					"$(inherited)",
					"@executable_path/Frameworks",
				);
				LIBRARY_SEARCH_PATHS = (
					"$(PROJECT_DIR)/LetsCode/Python.xcframework/ios-arm64_x86_64-simulator/lib/**",
					"$(PROJECT_DIR)/LetsCode/Python.xcframework/ios-arm64/lib/**",
				);
				MARKETING_VERSION = 1.0;
				OTHER_LDFLAGS = "-Wl,-undefined,dynamic_lookup";
				PRODUCT_BUNDLE_IDENTIFIER = thisissoawesome.LetsCode;
				PRODUCT_NAME = "$(TARGET_NAME)";
				SWIFT_EMIT_LOC_STRINGS = YES;
				SWIFT_OBJC_BRIDGING_HEADER = "$(PROJECT_DIR)/LetsCode/LetsCode-Bridging-Header.h";
				SWIFT_VERSION = 5.0;
				TARGETED_DEVICE_FAMILY = "1,2";
			};
			name = Debug;
		};
		DC480AB62CDEA4AB00F5E967 /* Release */ = {
			isa = XCBuildConfiguration;
			buildSettings = {
				ASSETCATALOG_COMPILER_APPICON_NAME = AppIcon;
				ASSETCATALOG_COMPILER_GLOBAL_ACCENT_COLOR_NAME = AccentColor;
				CLANG_WARN_QUOTED_INCLUDE_IN_FRAMEWORK_HEADER = NO;
				CODE_SIGN_ENTITLEMENTS = LetsCode/LetsCode.entitlements;
				CODE_SIGN_STYLE = Automatic;
				CURRENT_PROJECT_VERSION = 1;
				DEVELOPMENT_ASSET_PATHS = "\"LetsCode/Preview Content\"";
				ENABLE_PREVIEWS = YES;
				ENABLE_TESTABILITY = YES;
				ENABLE_USER_SCRIPT_SANDBOXING = NO;
				FRAMEWORK_SEARCH_PATHS = "$(PROJECT_DIR)";
				GENERATE_INFOPLIST_FILE = YES;
				HEADER_SEARCH_PATHS = "\"$(BUILT_PRODUCTS_DIR)/Python.framework/Headers\"";
				INFOPLIST_FILE = LetsCode/Info.plist;
				INFOPLIST_KEY_UIApplicationSceneManifest_Generation = YES;
				INFOPLIST_KEY_UIApplicationSupportsIndirectInputEvents = YES;
				INFOPLIST_KEY_UILaunchScreen_Generation = YES;
				INFOPLIST_KEY_UISupportedInterfaceOrientations_iPad = "UIInterfaceOrientationPortrait UIInterfaceOrientationPortraitUpsideDown UIInterfaceOrientationLandscapeLeft UIInterfaceOrientationLandscapeRight";
				INFOPLIST_KEY_UISupportedInterfaceOrientations_iPhone = "UIInterfaceOrientationPortrait UIInterfaceOrientationLandscapeLeft UIInterfaceOrientationLandscapeRight";
				LD_RUNPATH_SEARCH_PATHS = (
					"$(inherited)",
					"@executable_path/Frameworks",
				);
				LIBRARY_SEARCH_PATHS = (
					"$(PROJECT_DIR)/LetsCode/Python.xcframework/ios-arm64_x86_64-simulator/lib/**",
					"$(PROJECT_DIR)/LetsCode/Python.xcframework/ios-arm64/lib/**",
				);
				MARKETING_VERSION = 1.0;
				OTHER_LDFLAGS = "-Wl,-undefined,dynamic_lookup";
				PRODUCT_BUNDLE_IDENTIFIER = thisissoawesome.LetsCode;
				PRODUCT_NAME = "$(TARGET_NAME)";
				SWIFT_EMIT_LOC_STRINGS = YES;
				SWIFT_OBJC_BRIDGING_HEADER = "$(PROJECT_DIR)/LetsCode/LetsCode-Bridging-Header.h";
				SWIFT_VERSION = 5.0;
				TARGETED_DEVICE_FAMILY = "1,2";
			};
			name = Release;
		};
		DC480AB72CDEA4AB00F5E967 /* Debug */ = {
			isa = XCBuildConfiguration;
			buildSettings = {
				ALWAYS_SEARCH_USER_PATHS = NO;
				ASSETCATALOG_COMPILER_GENERATE_SWIFT_ASSET_SYMBOL_EXTENSIONS = YES;
				CLANG_ANALYZER_NONNULL = YES;
				CLANG_ANALYZER_NUMBER_OBJECT_CONVERSION = YES_AGGRESSIVE;
				CLANG_CXX_LANGUAGE_STANDARD = "gnu++20";
				CLANG_ENABLE_MODULES = YES;
				CLANG_ENABLE_OBJC_ARC = YES;
				CLANG_ENABLE_OBJC_WEAK = YES;
				CLANG_WARN_BLOCK_CAPTURE_AUTORELEASING = YES;
				CLANG_WARN_BOOL_CONVERSION = YES;
				CLANG_WARN_COMMA = YES;
				CLANG_WARN_CONSTANT_CONVERSION = YES;
				CLANG_WARN_DEPRECATED_OBJC_IMPLEMENTATIONS = YES;
				CLANG_WARN_DIRECT_OBJC_ISA_USAGE = YES_ERROR;
				CLANG_WARN_DOCUMENTATION_COMMENTS = YES;
				CLANG_WARN_EMPTY_BODY = YES;
				CLANG_WARN_ENUM_CONVERSION = YES;
				CLANG_WARN_INFINITE_RECURSION = YES;
				CLANG_WARN_INT_CONVERSION = YES;
				CLANG_WARN_NON_LITERAL_NULL_CONVERSION = YES;
				CLANG_WARN_OBJC_IMPLICIT_RETAIN_SELF = YES;
				CLANG_WARN_OBJC_LITERAL_CONVERSION = YES;
				CLANG_WARN_OBJC_ROOT_CLASS = YES_ERROR;
				CLANG_WARN_QUOTED_INCLUDE_IN_FRAMEWORK_HEADER = YES;
				CLANG_WARN_RANGE_LOOP_ANALYSIS = YES;
				CLANG_WARN_STRICT_PROTOTYPES = YES;
				CLANG_WARN_SUSPICIOUS_MOVE = YES;
				CLANG_WARN_UNGUARDED_AVAILABILITY = YES_AGGRESSIVE;
				CLANG_WARN_UNREACHABLE_CODE = YES;
				CLANG_WARN__DUPLICATE_METHOD_MATCH = YES;
				COPY_PHASE_STRIP = NO;
				DEBUG_INFORMATION_FORMAT = dwarf;
				ENABLE_STRICT_OBJC_MSGSEND = YES;
				ENABLE_TESTABILITY = YES;
				ENABLE_USER_SCRIPT_SANDBOXING = YES;
				GCC_C_LANGUAGE_STANDARD = gnu17;
				GCC_DYNAMIC_NO_PIC = NO;
				GCC_NO_COMMON_BLOCKS = YES;
				GCC_OPTIMIZATION_LEVEL = 0;
				GCC_PREPROCESSOR_DEFINITIONS = (
					"DEBUG=1",
					"$(inherited)",
				);
				GCC_WARN_64_TO_32_BIT_CONVERSION = YES;
				GCC_WARN_ABOUT_RETURN_TYPE = YES_ERROR;
				GCC_WARN_UNDECLARED_SELECTOR = YES;
				GCC_WARN_UNINITIALIZED_AUTOS = YES_AGGRESSIVE;
				GCC_WARN_UNUSED_FUNCTION = YES;
				GCC_WARN_UNUSED_VARIABLE = YES;
				IPHONEOS_DEPLOYMENT_TARGET = 18.1;
				LOCALIZATION_PREFERS_STRING_CATALOGS = YES;
				MTL_ENABLE_DEBUG_INFO = INCLUDE_SOURCE;
				MTL_FAST_MATH = YES;
				ONLY_ACTIVE_ARCH = YES;
				SDKROOT = iphoneos;
				SWIFT_ACTIVE_COMPILATION_CONDITIONS = "DEBUG $(inherited)";
				SWIFT_OPTIMIZATION_LEVEL = "-Onone";
			};
			name = Debug;
		};
		DC480AB82CDEA4AB00F5E967 /* Release */ = {
			isa = XCBuildConfiguration;
			buildSettings = {
				ALWAYS_SEARCH_USER_PATHS = NO;
				ASSETCATALOG_COMPILER_GENERATE_SWIFT_ASSET_SYMBOL_EXTENSIONS = YES;
				CLANG_ANALYZER_NONNULL = YES;
				CLANG_ANALYZER_NUMBER_OBJECT_CONVERSION = YES_AGGRESSIVE;
				CLANG_CXX_LANGUAGE_STANDARD = "gnu++20";
				CLANG_ENABLE_MODULES = YES;
				CLANG_ENABLE_OBJC_ARC = YES;
				CLANG_ENABLE_OBJC_WEAK = YES;
				CLANG_WARN_BLOCK_CAPTURE_AUTORELEASING = YES;
				CLANG_WARN_BOOL_CONVERSION = YES;
				CLANG_WARN_COMMA = YES;
				CLANG_WARN_CONSTANT_CONVERSION = YES;
				CLANG_WARN_DEPRECATED_OBJC_IMPLEMENTATIONS = YES;
				CLANG_WARN_DIRECT_OBJC_ISA_USAGE = YES_ERROR;
				CLANG_WARN_DOCUMENTATION_COMMENTS = YES;
				CLANG_WARN_EMPTY_BODY = YES;
				CLANG_WARN_ENUM_CONVERSION = YES;
				CLANG_WARN_INFINITE_RECURSION = YES;
				CLANG_WARN_INT_CONVERSION = YES;
				CLANG_WARN_NON_LITERAL_NULL_CONVERSION = YES;
				CLANG_WARN_OBJC_IMPLICIT_RETAIN_SELF = YES;
				CLANG_WARN_OBJC_LITERAL_CONVERSION = YES;
				CLANG_WARN_OBJC_ROOT_CLASS = YES_ERROR;
				CLANG_WARN_QUOTED_INCLUDE_IN_FRAMEWORK_HEADER = YES;
				CLANG_WARN_RANGE_LOOP_ANALYSIS = YES;
				CLANG_WARN_STRICT_PROTOTYPES = YES;
				CLANG_WARN_SUSPICIOUS_MOVE = YES;
				CLANG_WARN_UNGUARDED_AVAILABILITY = YES_AGGRESSIVE;
				CLANG_WARN_UNREACHABLE_CODE = YES;
				CLANG_WARN__DUPLICATE_METHOD_MATCH = YES;
				COPY_PHASE_STRIP = NO;
				DEBUG_INFORMATION_FORMAT = "dwarf-with-dsym";
				ENABLE_NS_ASSERTIONS = NO;
				ENABLE_STRICT_OBJC_MSGSEND = YES;
				ENABLE_USER_SCRIPT_SANDBOXING = YES;
				GCC_C_LANGUAGE_STANDARD = gnu17;
				GCC_NO_COMMON_BLOCKS = YES;
				GCC_WARN_64_TO_32_BIT_CONVERSION = YES;
				GCC_WARN_ABOUT_RETURN_TYPE = YES_ERROR;
				GCC_WARN_UNDECLARED_SELECTOR = YES;
				GCC_WARN_UNINITIALIZED_AUTOS = YES_AGGRESSIVE;
				GCC_WARN_UNUSED_FUNCTION = YES;
				GCC_WARN_UNUSED_VARIABLE = YES;
				IPHONEOS_DEPLOYMENT_TARGET = 18.1;
				LOCALIZATION_PREFERS_STRING_CATALOGS = YES;
				MTL_ENABLE_DEBUG_INFO = NO;
				MTL_FAST_MATH = YES;
				SDKROOT = iphoneos;
				SWIFT_COMPILATION_MODE = wholemodule;
				VALIDATE_PRODUCT = YES;
			};
			name = Release;
		};
		DC480ABA2CDEA4AB00F5E967 /* Debug */ = {
			isa = XCBuildConfiguration;
			buildSettings = {
				BUNDLE_LOADER = "$(TEST_HOST)";
				CODE_SIGN_STYLE = Automatic;
				CURRENT_PROJECT_VERSION = 1;
				GENERATE_INFOPLIST_FILE = YES;
				HEADER_SEARCH_PATHS = (
					"$(PROJECT_DIR)/LetsCode/Python.xcframework/ios-arm64_armv7/include/**",
					"$(PROJECT_DIR)/LetsCode/Python.xcframework/ios-arm64_x86_64-simulator/include/**",
				);
				IPHONEOS_DEPLOYMENT_TARGET = 18.1;
				LIBRARY_SEARCH_PATHS = (
					"$(PROJECT_DIR)/LetsCode/Python.xcframework/ios-arm64_armv7/lib",
					"$(PROJECT_DIR)/LetsCode/Python.xcframework/ios-arm64_x86_64-simulator/lib",
				);
				MARKETING_VERSION = 1.0;
				OTHER_LDFLAGS = "-Wl,-undefined,dynamic_lookup";
				PRODUCT_BUNDLE_IDENTIFIER = thisissoawesome.LetsCodeTests;
				PRODUCT_NAME = "$(TARGET_NAME)";
				SWIFT_EMIT_LOC_STRINGS = NO;
				SWIFT_VERSION = 5.0;
				TARGETED_DEVICE_FAMILY = "1,2";
				TEST_HOST = "$(BUILT_PRODUCTS_DIR)/LetsCode.app/$(BUNDLE_EXECUTABLE_FOLDER_PATH)/LetsCode";
			};
			name = Debug;
		};
		DC480ABB2CDEA4AB00F5E967 /* Release */ = {
			isa = XCBuildConfiguration;
			buildSettings = {
				BUNDLE_LOADER = "$(TEST_HOST)";
				CODE_SIGN_STYLE = Automatic;
				CURRENT_PROJECT_VERSION = 1;
				GENERATE_INFOPLIST_FILE = YES;
				HEADER_SEARCH_PATHS = (
					"$(PROJECT_DIR)/LetsCode/Python.xcframework/ios-arm64_armv7/include/**",
					"$(PROJECT_DIR)/LetsCode/Python.xcframework/ios-arm64_x86_64-simulator/include/**",
				);
				IPHONEOS_DEPLOYMENT_TARGET = 18.1;
				LIBRARY_SEARCH_PATHS = (
					"$(PROJECT_DIR)/LetsCode/Python.xcframework/ios-arm64_armv7/lib",
					"$(PROJECT_DIR)/LetsCode/Python.xcframework/ios-arm64_x86_64-simulator/lib",
				);
				MARKETING_VERSION = 1.0;
				OTHER_LDFLAGS = "-Wl,-undefined,dynamic_lookup";
				PRODUCT_BUNDLE_IDENTIFIER = thisissoawesome.LetsCodeTests;
				PRODUCT_NAME = "$(TARGET_NAME)";
				SWIFT_EMIT_LOC_STRINGS = NO;
				SWIFT_VERSION = 5.0;
				TARGETED_DEVICE_FAMILY = "1,2";
				TEST_HOST = "$(BUILT_PRODUCTS_DIR)/LetsCode.app/$(BUNDLE_EXECUTABLE_FOLDER_PATH)/LetsCode";
			};
			name = Release;
		};
		DC480ABD2CDEA4AB00F5E967 /* Debug */ = {
			isa = XCBuildConfiguration;
			buildSettings = {
				CODE_SIGN_STYLE = Automatic;
				CURRENT_PROJECT_VERSION = 1;
				GENERATE_INFOPLIST_FILE = YES;
				MARKETING_VERSION = 1.0;
				PRODUCT_BUNDLE_IDENTIFIER = thisissoawesome.LetsCodeUITests;
				PRODUCT_NAME = "$(TARGET_NAME)";
				SWIFT_EMIT_LOC_STRINGS = NO;
				SWIFT_VERSION = 5.0;
				TARGETED_DEVICE_FAMILY = "1,2";
				TEST_TARGET_NAME = LetsCode;
			};
			name = Debug;
		};
		DC480ABE2CDEA4AB00F5E967 /* Release */ = {
			isa = XCBuildConfiguration;
			buildSettings = {
				CODE_SIGN_STYLE = Automatic;
				CURRENT_PROJECT_VERSION = 1;
				GENERATE_INFOPLIST_FILE = YES;
				MARKETING_VERSION = 1.0;
				PRODUCT_BUNDLE_IDENTIFIER = thisissoawesome.LetsCodeUITests;
				PRODUCT_NAME = "$(TARGET_NAME)";
				SWIFT_EMIT_LOC_STRINGS = NO;
				SWIFT_VERSION = 5.0;
				TARGETED_DEVICE_FAMILY = "1,2";
				TEST_TARGET_NAME = LetsCode;
			};
			name = Release;
		};
/* End XCBuildConfiguration section */

/* Begin XCConfigurationList section */
		DC480A882CDEA4AA00F5E967 /* Build configuration list for PBXProject "LetsCode" */ = {
			isa = XCConfigurationList;
			buildConfigurations = (
				DC480AB72CDEA4AB00F5E967 /* Debug */,
				DC480AB82CDEA4AB00F5E967 /* Release */,
			);
			defaultConfigurationIsVisible = 0;
			defaultConfigurationName = Release;
		};
		DC480AB42CDEA4AB00F5E967 /* Build configuration list for PBXNativeTarget "LetsCode" */ = {
			isa = XCConfigurationList;
			buildConfigurations = (
				DC480AB52CDEA4AB00F5E967 /* Debug */,
				DC480AB62CDEA4AB00F5E967 /* Release */,
			);
			defaultConfigurationIsVisible = 0;
			defaultConfigurationName = Release;
		};
		DC480AB92CDEA4AB00F5E967 /* Build configuration list for PBXNativeTarget "LetsCodeTests" */ = {
			isa = XCConfigurationList;
			buildConfigurations = (
				DC480ABA2CDEA4AB00F5E967 /* Debug */,
				DC480ABB2CDEA4AB00F5E967 /* Release */,
			);
			defaultConfigurationIsVisible = 0;
			defaultConfigurationName = Release;
		};
		DC480ABC2CDEA4AB00F5E967 /* Build configuration list for PBXNativeTarget "LetsCodeUITests" */ = {
			isa = XCConfigurationList;
			buildConfigurations = (
				DC480ABD2CDEA4AB00F5E967 /* Debug */,
				DC480ABE2CDEA4AB00F5E967 /* Release */,
			);
			defaultConfigurationIsVisible = 0;
			defaultConfigurationName = Release;
		};
/* End XCConfigurationList section */
	};
	rootObject = DC480A852CDEA4AA00F5E967 /* Project object */;
}
